<?xml version="1.0" encoding="utf-8"?>
<Project ToolsVersion="17.0" xmlns="http://schemas.microsoft.com/developer/msbuild/2003">
  <ItemGroup>
    <ClCompile Include="E:\_Assets\XluaLib\xLua\build\lua-5.3.5\src\lapi.c">
      <Filter>lua-5.3.5\src</Filter>
    </ClCompile>
    <ClCompile Include="E:\_Assets\XluaLib\xLua\build\lua-5.3.5\src\lauxlib.c">
      <Filter>lua-5.3.5\src</Filter>
    </ClCompile>
    <ClCompile Include="E:\_Assets\XluaLib\xLua\build\lua-5.3.5\src\lbaselib.c">
      <Filter>lua-5.3.5\src</Filter>
    </ClCompile>
    <ClCompile Include="E:\_Assets\XluaLib\xLua\build\lua-5.3.5\src\lbitlib.c">
      <Filter>lua-5.3.5\src</Filter>
    </ClCompile>
    <ClCompile Include="E:\_Assets\XluaLib\xLua\build\lua-5.3.5\src\lcode.c">
      <Filter>lua-5.3.5\src</Filter>
    </ClCompile>
    <ClCompile Include="E:\_Assets\XluaLib\xLua\build\lua-5.3.5\src\lcorolib.c">
      <Filter>lua-5.3.5\src</Filter>
    </ClCompile>
    <ClCompile Include="E:\_Assets\XluaLib\xLua\build\lua-5.3.5\src\lctype.c">
      <Filter>lua-5.3.5\src</Filter>
    </ClCompile>
    <ClCompile Include="E:\_Assets\XluaLib\xLua\build\lua-5.3.5\src\ldblib.c">
      <Filter>lua-5.3.5\src</Filter>
    </ClCompile>
    <ClCompile Include="E:\_Assets\XluaLib\xLua\build\lua-5.3.5\src\ldebug.c">
      <Filter>lua-5.3.5\src</Filter>
    </ClCompile>
    <ClCompile Include="E:\_Assets\XluaLib\xLua\build\lua-5.3.5\src\ldo.c">
      <Filter>lua-5.3.5\src</Filter>
    </ClCompile>
    <ClCompile Include="E:\_Assets\XluaLib\xLua\build\lua-5.3.5\src\ldump.c">
      <Filter>lua-5.3.5\src</Filter>
    </ClCompile>
    <ClCompile Include="E:\_Assets\XluaLib\xLua\build\lua-5.3.5\src\lfunc.c">
      <Filter>lua-5.3.5\src</Filter>
    </ClCompile>
    <ClCompile Include="E:\_Assets\XluaLib\xLua\build\lua-5.3.5\src\lgc.c">
      <Filter>lua-5.3.5\src</Filter>
    </ClCompile>
    <ClCompile Include="E:\_Assets\XluaLib\xLua\build\lua-5.3.5\src\linit.c">
      <Filter>lua-5.3.5\src</Filter>
    </ClCompile>
    <ClCompile Include="E:\_Assets\XluaLib\xLua\build\lua-5.3.5\src\liolib.c">
      <Filter>lua-5.3.5\src</Filter>
    </ClCompile>
    <ClCompile Include="E:\_Assets\XluaLib\xLua\build\lua-5.3.5\src\llex.c">
      <Filter>lua-5.3.5\src</Filter>
    </ClCompile>
    <ClCompile Include="E:\_Assets\XluaLib\xLua\build\lua-5.3.5\src\lmathlib.c">
      <Filter>lua-5.3.5\src</Filter>
    </ClCompile>
    <ClCompile Include="E:\_Assets\XluaLib\xLua\build\lua-5.3.5\src\lmem.c">
      <Filter>lua-5.3.5\src</Filter>
    </ClCompile>
    <ClCompile Include="E:\_Assets\XluaLib\xLua\build\lua-5.3.5\src\loadlib.c">
      <Filter>lua-5.3.5\src</Filter>
    </ClCompile>
    <ClCompile Include="E:\_Assets\XluaLib\xLua\build\lua-5.3.5\src\lobject.c">
      <Filter>lua-5.3.5\src</Filter>
    </ClCompile>
    <ClCompile Include="E:\_Assets\XluaLib\xLua\build\lua-5.3.5\src\lopcodes.c">
      <Filter>lua-5.3.5\src</Filter>
    </ClCompile>
    <ClCompile Include="E:\_Assets\XluaLib\xLua\build\lua-5.3.5\src\loslib.c">
      <Filter>lua-5.3.5\src</Filter>
    </ClCompile>
    <ClCompile Include="E:\_Assets\XluaLib\xLua\build\lua-5.3.5\src\lparser.c">
      <Filter>lua-5.3.5\src</Filter>
    </ClCompile>
    <ClCompile Include="E:\_Assets\XluaLib\xLua\build\lua-5.3.5\src\lstate.c">
      <Filter>lua-5.3.5\src</Filter>
    </ClCompile>
    <ClCompile Include="E:\_Assets\XluaLib\xLua\build\lua-5.3.5\src\lstring.c">
      <Filter>lua-5.3.5\src</Filter>
    </ClCompile>
    <ClCompile Include="E:\_Assets\XluaLib\xLua\build\lua-5.3.5\src\lstrlib.c">
      <Filter>lua-5.3.5\src</Filter>
    </ClCompile>
    <ClCompile Include="E:\_Assets\XluaLib\xLua\build\lua-5.3.5\src\ltable.c">
      <Filter>lua-5.3.5\src</Filter>
    </ClCompile>
    <ClCompile Include="E:\_Assets\XluaLib\xLua\build\lua-5.3.5\src\ltablib.c">
      <Filter>lua-5.3.5\src</Filter>
    </ClCompile>
    <ClCompile Include="E:\_Assets\XluaLib\xLua\build\lua-5.3.5\src\ltm.c">
      <Filter>lua-5.3.5\src</Filter>
    </ClCompile>
    <ClCompile Include="E:\_Assets\XluaLib\xLua\build\lua-5.3.5\src\lundump.c">
      <Filter>lua-5.3.5\src</Filter>
    </ClCompile>
    <ClCompile Include="E:\_Assets\XluaLib\xLua\build\lua-5.3.5\src\lutf8lib.c">
      <Filter>lua-5.3.5\src</Filter>
    </ClCompile>
    <ClCompile Include="E:\_Assets\XluaLib\xLua\build\lua-5.3.5\src\lvm.c">
      <Filter>lua-5.3.5\src</Filter>
    </ClCompile>
    <ClCompile Include="E:\_Assets\XluaLib\xLua\build\lua-5.3.5\src\lzio.c">
      <Filter>lua-5.3.5\src</Filter>
    </ClCompile>
    <ClCompile Include="E:\_Assets\XluaLib\xLua\build\luasocket\auxiliar.c">
      <Filter>luasocket</Filter>
    </ClCompile>
    <ClCompile Include="E:\_Assets\XluaLib\xLua\build\luasocket\buffer.c">
      <Filter>luasocket</Filter>
    </ClCompile>
    <ClCompile Include="E:\_Assets\XluaLib\xLua\build\luasocket\except.c">
      <Filter>luasocket</Filter>
    </ClCompile>
    <ClCompile Include="E:\_Assets\XluaLib\xLua\build\luasocket\inet.c">
      <Filter>luasocket</Filter>
    </ClCompile>
    <ClCompile Include="E:\_Assets\XluaLib\xLua\build\luasocket\io.c">
      <Filter>luasocket</Filter>
    </ClCompile>
    <ClCompile Include="E:\_Assets\XluaLib\xLua\build\luasocket\luasocket.c">
      <Filter>luasocket</Filter>
    </ClCompile>
    <ClCompile Include="E:\_Assets\XluaLib\xLua\build\luasocket\mime.c">
      <Filter>luasocket</Filter>
    </ClCompile>
    <ClCompile Include="E:\_Assets\XluaLib\xLua\build\luasocket\options.c">
      <Filter>luasocket</Filter>
    </ClCompile>
    <ClCompile Include="E:\_Assets\XluaLib\xLua\build\luasocket\select.c">
      <Filter>luasocket</Filter>
    </ClCompile>
    <ClCompile Include="E:\_Assets\XluaLib\xLua\build\luasocket\tcp.c">
      <Filter>luasocket</Filter>
    </ClCompile>
    <ClCompile Include="E:\_Assets\XluaLib\xLua\build\luasocket\timeout.c">
      <Filter>luasocket</Filter>
    </ClCompile>
    <ClCompile Include="E:\_Assets\XluaLib\xLua\build\luasocket\udp.c">
      <Filter>luasocket</Filter>
    </ClCompile>
    <ClCompile Include="E:\_Assets\XluaLib\xLua\build\luasocket\wsocket.c">
      <Filter>luasocket</Filter>
    </ClCompile>
    <ClCompile Include="E:\_Assets\XluaLib\xLua\build\i64lib.c" />
    <ClCompile Include="E:\_Assets\XluaLib\xLua\build\xlua.c" />
    <ClCompile Include="E:\_Assets\XluaLib\xLua\build\memory_leak_checker.c" />
    <ClCompile Include="E:\_Assets\XluaLib\xLua\build\lua-rapidjson\source\Document.cpp">
      <Filter>Source Files</Filter>
    </ClCompile>
    <ClCompile Include="E:\_Assets\XluaLib\xLua\build\lua-rapidjson\source\rapidjson.cpp">
      <Filter>Source Files</Filter>
    </ClCompile>
    <ClCompile Include="E:\_Assets\XluaLib\xLua\build\lua-rapidjson\source\Schema.cpp">
      <Filter>Source Files</Filter>
    </ClCompile>
    <ClCompile Include="E:\_Assets\XluaLib\xLua\build\lua-rapidjson\source\values.cpp">
      <Filter>Source Files</Filter>
    </ClCompile>
    <ClCompile Include="E:\_Assets\XluaLib\xLua\build\lua-protobuf\pb.c">
      <Filter>Source Files</Filter>
    </ClCompile>
  </ItemGroup>
  <ItemGroup>
    <CustomBuild Include="E:\_Assets\XluaLib\xLua\build\CMakeLists.txt" />
  </ItemGroup>
  <ItemGroup>
    <Filter Include="Source Files">
      <UniqueIdentifier>{12E19D2A-C4C3-331F-A669-C1E26821A59D}</UniqueIdentifier>
    </Filter>
    <Filter Include="lua-5.3.5">
      <UniqueIdentifier>{AA31BF60-C9F6-3F20-BDD1-111A0003E751}</UniqueIdentifier>
    </Filter>
    <Filter Include="lua-5.3.5\src">
      <UniqueIdentifier>{08B203A4-AFDC-3306-A277-8927FC4F2D78}</UniqueIdentifier>
    </Filter>
    <Filter Include="luasocket">
      <UniqueIdentifier>{96FA8A19-6418-3740-BB32-DF03249C0D68}</UniqueIdentifier>
    </Filter>
  </ItemGroup>
</Project>
